
Microsoft Visual Studio Solution File, Format Version 11.00
# Visual Studio 2010
Project("{FAE04EC0-301F-11D3-BF4B-00C04F79EFBC}") = "TSW.CombatParser", "TSW.CombatParser\TSW.CombatParser.csproj", "{2EDFBE7A-A25F-471B-8BC0-14269FBE925A}"
EndProject
Project("{FAE04EC0-301F-11D3-BF4B-00C04F79EFBC}") = "TSW.CombatTracker", "TSW.CombatTracker\TSW.CombatTracker.csproj", "{733F34CC-061E-448B-B625-3B13D63D43AA}"
	ProjectSection(ProjectDependencies) = postProject
		{A805E48F-270E-44E6-AA08-24334473B03C} = {A805E48F-270E-44E6-AA08-24334473B03C}
	EndProjectSection
EndProject
Project("{8BC9CEB8-8B4A-11D0-8D11-00A0C91BC942}") = "MouseWheelHook", "MouseWheelHook\MouseWheelHook.vcxproj", "{A805E48F-270E-44E6-AA08-24334473B03C}"
EndProject
Project("{FAE04EC0-301F-11D3-BF4B-00C04F79EFBC}") = "ShowLogSkips", "ShowLogSkips\ShowLogSkips.csproj", "{184F642E-E0AC-4358-8F19-8581AC69FE34}"
EndProject
Global
	GlobalSection(SolutionConfigurationPlatforms) = preSolution
		Debug|Any CPU = Debug|Any CPU
		Debug|Mixed Platforms = Debug|Mixed Platforms
		Debug|Win32 = Debug|Win32
		Debug|x86 = Debug|x86
		Documentation|Any CPU = Documentation|Any CPU
		Documentation|Mixed Platforms = Documentation|Mixed Platforms
		Documentation|Win32 = Documentation|Win32
		Documentation|x86 = Documentation|x86
		Release|Any CPU = Release|Any CPU
		Release|Mixed Platforms = Release|Mixed Platforms
		Release|Win32 = Release|Win32
		Release|x86 = Release|x86
	EndGlobalSection
	GlobalSection(ProjectConfigurationPlatforms) = postSolution
		{2EDFBE7A-A25F-471B-8BC0-14269FBE925A}.Debug|Any CPU.ActiveCfg = Debug|Any CPU
		{2EDFBE7A-A25F-471B-8BC0-14269FBE925A}.Debug|Any CPU.Build.0 = Debug|Any CPU
		{2EDFBE7A-A25F-471B-8BC0-14269FBE925A}.Debug|Mixed Platforms.ActiveCfg = Debug|Any CPU
		{2EDFBE7A-A25F-471B-8BC0-14269FBE925A}.Debug|Mixed Platforms.Build.0 = Debug|Any CPU
		{2EDFBE7A-A25F-471B-8BC0-14269FBE925A}.Debug|Win32.ActiveCfg = Debug|Any CPU
		{2EDFBE7A-A25F-471B-8BC0-14269FBE925A}.Debug|x86.ActiveCfg = Debug|Any CPU
		{2EDFBE7A-A25F-471B-8BC0-14269FBE925A}.Documentation|Any CPU.ActiveCfg = Debug|Any CPU
		{2EDFBE7A-A25F-471B-8BC0-14269FBE925A}.Documentation|Any CPU.Build.0 = Debug|Any CPU
		{2EDFBE7A-A25F-471B-8BC0-14269FBE925A}.Documentation|Mixed Platforms.ActiveCfg = Debug|Any CPU
		{2EDFBE7A-A25F-471B-8BC0-14269FBE925A}.Documentation|Mixed Platforms.Build.0 = Debug|Any CPU
		{2EDFBE7A-A25F-471B-8BC0-14269FBE925A}.Documentation|Win32.ActiveCfg = Debug|Any CPU
		{2EDFBE7A-A25F-471B-8BC0-14269FBE925A}.Documentation|x86.ActiveCfg = Debug|Any CPU
		{2EDFBE7A-A25F-471B-8BC0-14269FBE925A}.Release|Any CPU.ActiveCfg = Release|Any CPU
		{2EDFBE7A-A25F-471B-8BC0-14269FBE925A}.Release|Any CPU.Build.0 = Release|Any CPU
		{2EDFBE7A-A25F-471B-8BC0-14269FBE925A}.Release|Mixed Platforms.ActiveCfg = Release|Any CPU
		{2EDFBE7A-A25F-471B-8BC0-14269FBE925A}.Release|Mixed Platforms.Build.0 = Release|Any CPU
		{2EDFBE7A-A25F-471B-8BC0-14269FBE925A}.Release|Win32.ActiveCfg = Release|Any CPU
		{2EDFBE7A-A25F-471B-8BC0-14269FBE925A}.Release|x86.ActiveCfg = Release|Any CPU
		{733F34CC-061E-448B-B625-3B13D63D43AA}.Debug|Any CPU.ActiveCfg = Debug|x86
		{733F34CC-061E-448B-B625-3B13D63D43AA}.Debug|Mixed Platforms.ActiveCfg = Debug|x86
		{733F34CC-061E-448B-B625-3B13D63D43AA}.Debug|Mixed Platforms.Build.0 = Debug|x86
		{733F34CC-061E-448B-B625-3B13D63D43AA}.Debug|Win32.ActiveCfg = Debug|x86
		{733F34CC-061E-448B-B625-3B13D63D43AA}.Debug|x86.ActiveCfg = Debug|x86
		{733F34CC-061E-448B-B625-3B13D63D43AA}.Debug|x86.Build.0 = Debug|x86
		{733F34CC-061E-448B-B625-3B13D63D43AA}.Documentation|Any CPU.ActiveCfg = Debug|x86
		{733F34CC-061E-448B-B625-3B13D63D43AA}.Documentation|Mixed Platforms.ActiveCfg = Debug|x86
		{733F34CC-061E-448B-B625-3B13D63D43AA}.Documentation|Mixed Platforms.Build.0 = Debug|x86
		{733F34CC-061E-448B-B625-3B13D63D43AA}.Documentation|Win32.ActiveCfg = Debug|x86
		{733F34CC-061E-448B-B625-3B13D63D43AA}.Documentation|x86.ActiveCfg = Debug|x86
		{733F34CC-061E-448B-B625-3B13D63D43AA}.Documentation|x86.Build.0 = Debug|x86
		{733F34CC-061E-448B-B625-3B13D63D43AA}.Release|Any CPU.ActiveCfg = Release|x86
		{733F34CC-061E-448B-B625-3B13D63D43AA}.Release|Mixed Platforms.ActiveCfg = Release|x86
		{733F34CC-061E-448B-B625-3B13D63D43AA}.Release|Mixed Platforms.Build.0 = Release|x86
		{733F34CC-061E-448B-B625-3B13D63D43AA}.Release|Win32.ActiveCfg = Release|x86
		{733F34CC-061E-448B-B625-3B13D63D43AA}.Release|x86.ActiveCfg = Release|x86
		{733F34CC-061E-448B-B625-3B13D63D43AA}.Release|x86.Build.0 = Release|x86
		{A805E48F-270E-44E6-AA08-24334473B03C}.Debug|Any CPU.ActiveCfg = Debug|Win32
		{A805E48F-270E-44E6-AA08-24334473B03C}.Debug|Mixed Platforms.ActiveCfg = Debug|Win32
		{A805E48F-270E-44E6-AA08-24334473B03C}.Debug|Mixed Platforms.Build.0 = Debug|Win32
		{A805E48F-270E-44E6-AA08-24334473B03C}.Debug|Win32.ActiveCfg = Debug|Win32
		{A805E48F-270E-44E6-AA08-24334473B03C}.Debug|Win32.Build.0 = Debug|Win32
		{A805E48F-270E-44E6-AA08-24334473B03C}.Debug|x86.ActiveCfg = Debug|Win32
		{A805E48F-270E-44E6-AA08-24334473B03C}.Documentation|Any CPU.ActiveCfg = Debug|Win32
		{A805E48F-270E-44E6-AA08-24334473B03C}.Documentation|Mixed Platforms.ActiveCfg = Debug|Win32
		{A805E48F-270E-44E6-AA08-24334473B03C}.Documentation|Mixed Platforms.Build.0 = Debug|Win32
		{A805E48F-270E-44E6-AA08-24334473B03C}.Documentation|Win32.ActiveCfg = Debug|Win32
		{A805E48F-270E-44E6-AA08-24334473B03C}.Documentation|Win32.Build.0 = Debug|Win32
		{A805E48F-270E-44E6-AA08-24334473B03C}.Documentation|x86.ActiveCfg = Debug|Win32
		{A805E48F-270E-44E6-AA08-24334473B03C}.Release|Any CPU.ActiveCfg = Release|Win32
		{A805E48F-270E-44E6-AA08-24334473B03C}.Release|Mixed Platforms.ActiveCfg = Release|Win32
		{A805E48F-270E-44E6-AA08-24334473B03C}.Release|Mixed Platforms.Build.0 = Release|Win32
		{A805E48F-270E-44E6-AA08-24334473B03C}.Release|Win32.ActiveCfg = Release|Win32
		{A805E48F-270E-44E6-AA08-24334473B03C}.Release|Win32.Build.0 = Release|Win32
		{A805E48F-270E-44E6-AA08-24334473B03C}.Release|x86.ActiveCfg = Release|Win32
		{184F642E-E0AC-4358-8F19-8581AC69FE34}.Debug|Any CPU.ActiveCfg = Debug|x86
		{184F642E-E0AC-4358-8F19-8581AC69FE34}.Debug|Mixed Platforms.ActiveCfg = Debug|x86
		{184F642E-E0AC-4358-8F19-8581AC69FE34}.Debug|Mixed Platforms.Build.0 = Debug|x86
		{184F642E-E0AC-4358-8F19-8581AC69FE34}.Debug|Win32.ActiveCfg = Debug|x86
		{184F642E-E0AC-4358-8F19-8581AC69FE34}.Debug|x86.ActiveCfg = Debug|x86
		{184F642E-E0AC-4358-8F19-8581AC69FE34}.Debug|x86.Build.0 = Debug|x86
		{184F642E-E0AC-4358-8F19-8581AC69FE34}.Documentation|Any CPU.ActiveCfg = Debug|x86
		{184F642E-E0AC-4358-8F19-8581AC69FE34}.Documentation|Mixed Platforms.ActiveCfg = Debug|x86
		{184F642E-E0AC-4358-8F19-8581AC69FE34}.Documentation|Mixed Platforms.Build.0 = Debug|x86
		{184F642E-E0AC-4358-8F19-8581AC69FE34}.Documentation|Win32.ActiveCfg = Debug|x86
		{184F642E-E0AC-4358-8F19-8581AC69FE34}.Documentation|x86.ActiveCfg = Debug|x86
		{184F642E-E0AC-4358-8F19-8581AC69FE34}.Documentation|x86.Build.0 = Debug|x86
		{184F642E-E0AC-4358-8F19-8581AC69FE34}.Release|Any CPU.ActiveCfg = Release|x86
		{184F642E-E0AC-4358-8F19-8581AC69FE34}.Release|Mixed Platforms.ActiveCfg = Release|x86
		{184F642E-E0AC-4358-8F19-8581AC69FE34}.Release|Mixed Platforms.Build.0 = Release|x86
		{184F642E-E0AC-4358-8F19-8581AC69FE34}.Release|Win32.ActiveCfg = Release|x86
		{184F642E-E0AC-4358-8F19-8581AC69FE34}.Release|x86.ActiveCfg = Release|x86
		{184F642E-E0AC-4358-8F19-8581AC69FE34}.Release|x86.Build.0 = Release|x86
	EndGlobalSection
	GlobalSection(SolutionProperties) = preSolution
		HideSolutionNode = FALSE
	EndGlobalSection
EndGlobal
